Microsoft Visual Studio Solution File, Format Version 12.00
# Visual Studio 15
VisualStudioVersion = 15.0.26730.10
MinimumVisualStudioVersion = 10.0.40219.1
Project("{8BC9CEB8-8B4A-11D0-8D11-00A0C91BC942}") = "BoostLab", "BoostLab\BoostLab.vcxproj", "{E6ACB341-389A-4EFB-BBCE-DE244DD99C69}"
EndProject
Project("{8BC9CEB8-8B4A-11D0-8D11-00A0C91BC942}") = "DesignPatternLab", "DesignPatternLab\DesignPatternLab.vcxproj", "{C5652DAF-55EB-4665-BCED-AE0F138F39DD}"
EndProject
Project("{8BC9CEB8-8B4A-11D0-8D11-00A0C91BC942}") = "CppLab", "CppLab\CppLab.vcxproj", "{5DAF1F89-3222-42F5-8463-21E194F4E131}"
EndProject
Project("{8BC9CEB8-8B4A-11D0-8D11-00A0C91BC942}") = "NetWorkLab", "NetWorkLab\NetWorkLab.vcxproj", "{A09389C6-CD66-47CF-A1B3-765AE8471F4C}"
EndProject
Project("{8BC9CEB8-8B4A-11D0-8D11-00A0C91BC942}") = "GtestLab", "GtestLab\GtestLab.vcxproj", "{1AC81013-A933-45A2-B962-3FEA4DB72F45}"
EndProject
Project("{8BC9CEB8-8B4A-11D0-8D11-00A0C91BC942}") = "LogLab", "LogLab\LogLab.vcxproj", "{4468A673-F225-44E4-9DE8-3054FDA7C3DB}"
EndProject
Project("{8BC9CEB8-8B4A-11D0-8D11-00A0C91BC942}") = "AlgorithmLab", "AlgorithmLab\AlgorithmLab.vcxproj", "{44DE7322-2533-4DB6-B05F-D9CA34090B1D}"
EndProject
Project("{8BC9CEB8-8B4A-11D0-8D11-00A0C91BC942}") = "OsLab", "OsLab\OsLab.vcxproj", "{2726F037-2668-4762-A41F-103BF90B704B}"
EndProject
Project("{8BC9CEB8-8B4A-11D0-8D11-00A0C91BC942}") = "CompileLab", "CompileLab\CompileLab.vcxproj", "{9F56D7DD-4F0F-476E-B104-13DE02363BBF}"
EndProject
Project("{8BC9CEB8-8B4A-11D0-8D11-00A0C91BC942}") = "MemoryLab", "MemoryLab\MemoryLab.vcxproj", "{5E2CA1BA-11FB-4894-9016-70260243800E}"
EndProject
Project("{8BC9CEB8-8B4A-11D0-8D11-00A0C91BC942}") = "ConcurrentqueueLab", "ConcurrentqueueLab\ConcurrentqueueLab.vcxproj", "{EF71CBC7-108E-47F3-ADE1-2BFCB2F2125D}"
EndProject
Project("{2150E333-8FDC-42A3-9474-1A3956D46DE8}") = "Log", "Log", "{BE2C9DC0-9414-4B46-AAD1-DE53146A734E}"
EndProject
Project("{2150E333-8FDC-42A3-9474-1A3956D46DE8}") = "cppformat", "cppformat", "{B130269A-F12D-407C-B742-8ED7A47960A3}"
EndProject
Project("{2150E333-8FDC-42A3-9474-1A3956D46DE8}") = "Gtest", "Gtest", "{2E9078A5-7377-43CC-92A2-B43EDC097805}"
EndProject
Project("{8BC9CEB8-8B4A-11D0-8D11-00A0C91BC942}") = "ALL_BUILD", "..\..\googletest-release-1.8.0\ALL_BUILD.vcxproj", "{C08AB7DE-611A-3CF5-851C-3E08067E212B}"
	ProjectSection(ProjectDependencies) = postProject
		{9654A989-3B6C-3EBB-AD18-FD8FF8FC873A} = {9654A989-3B6C-3EBB-AD18-FD8FF8FC873A}
		{EEDA74FB-7B0E-37CB-A61A-96B80531861B} = {EEDA74FB-7B0E-37CB-A61A-96B80531861B}
		{CC63A609-4BDF-3F78-894E-814D2C311709} = {CC63A609-4BDF-3F78-894E-814D2C311709}
		{5636F337-5649-3830-A447-AB9179F36D53} = {5636F337-5649-3830-A447-AB9179F36D53}
		{8538D7F4-5E7B-36FE-BE8A-86A634C2601F} = {8538D7F4-5E7B-36FE-BE8A-86A634C2601F}
	EndProjectSection
EndProject
Project("{8BC9CEB8-8B4A-11D0-8D11-00A0C91BC942}") = "INSTALL", "..\..\googletest-release-1.8.0\INSTALL.vcxproj", "{BEC09945-7A45-3695-A27B-664D40DC76E6}"
	ProjectSection(ProjectDependencies) = postProject
		{C08AB7DE-611A-3CF5-851C-3E08067E212B} = {C08AB7DE-611A-3CF5-851C-3E08067E212B}
		{9654A989-3B6C-3EBB-AD18-FD8FF8FC873A} = {9654A989-3B6C-3EBB-AD18-FD8FF8FC873A}
	EndProjectSection
EndProject
Project("{8BC9CEB8-8B4A-11D0-8D11-00A0C91BC942}") = "RUN_TESTS", "..\..\googletest-release-1.8.0\RUN_TESTS.vcxproj", "{A64E5E16-A47C-365C-AADD-38CA0B7450BE}"
	ProjectSection(ProjectDependencies) = postProject
		{9654A989-3B6C-3EBB-AD18-FD8FF8FC873A} = {9654A989-3B6C-3EBB-AD18-FD8FF8FC873A}
	EndProjectSection
EndProject
Project("{8BC9CEB8-8B4A-11D0-8D11-00A0C91BC942}") = "ZERO_CHECK", "..\..\googletest-release-1.8.0\ZERO_CHECK.vcxproj", "{9654A989-3B6C-3EBB-AD18-FD8FF8FC873A}"
EndProject
Project("{8BC9CEB8-8B4A-11D0-8D11-00A0C91BC942}") = "gmock", "..\..\googletest-release-1.8.0\googlemock\gmock.vcxproj", "{EEDA74FB-7B0E-37CB-A61A-96B80531861B}"
	ProjectSection(ProjectDependencies) = postProject
		{9654A989-3B6C-3EBB-AD18-FD8FF8FC873A} = {9654A989-3B6C-3EBB-AD18-FD8FF8FC873A}
	EndProjectSection
EndProject
Project("{8BC9CEB8-8B4A-11D0-8D11-00A0C91BC942}") = "gmock_main", "..\..\googletest-release-1.8.0\googlemock\gmock_main.vcxproj", "{CC63A609-4BDF-3F78-894E-814D2C311709}"
	ProjectSection(ProjectDependencies) = postProject
		{9654A989-3B6C-3EBB-AD18-FD8FF8FC873A} = {9654A989-3B6C-3EBB-AD18-FD8FF8FC873A}
	EndProjectSection
EndProject
Project("{8BC9CEB8-8B4A-11D0-8D11-00A0C91BC942}") = "gtest", "..\..\googletest-release-1.8.0\googlemock\gtest\gtest.vcxproj", "{5636F337-5649-3830-A447-AB9179F36D53}"
	ProjectSection(ProjectDependencies) = postProject
		{9654A989-3B6C-3EBB-AD18-FD8FF8FC873A} = {9654A989-3B6C-3EBB-AD18-FD8FF8FC873A}
	EndProjectSection
EndProject
Project("{8BC9CEB8-8B4A-11D0-8D11-00A0C91BC942}") = "gtest_main", "..\..\googletest-release-1.8.0\googlemock\gtest\gtest_main.vcxproj", "{8538D7F4-5E7B-36FE-BE8A-86A634C2601F}"
	ProjectSection(ProjectDependencies) = postProject
		{9654A989-3B6C-3EBB-AD18-FD8FF8FC873A} = {9654A989-3B6C-3EBB-AD18-FD8FF8FC873A}
		{5636F337-5649-3830-A447-AB9179F36D53} = {5636F337-5649-3830-A447-AB9179F36D53}
	EndProjectSection
EndProject
Global
	GlobalSection(SolutionConfigurationPlatforms) = preSolution
		Debug|Win32 = Debug|Win32
		Debug|x64 = Debug|x64
		Debug|x86 = Debug|x86
		MinSizeRel|Win32 = MinSizeRel|Win32
		MinSizeRel|x64 = MinSizeRel|x64
		MinSizeRel|x86 = MinSizeRel|x86
		Release|Win32 = Release|Win32
		Release|x64 = Release|x64
		Release|x86 = Release|x86
		RelWithDebInfo|Win32 = RelWithDebInfo|Win32
		RelWithDebInfo|x64 = RelWithDebInfo|x64
		RelWithDebInfo|x86 = RelWithDebInfo|x86
	EndGlobalSection
	GlobalSection(ProjectConfigurationPlatforms) = postSolution
		{E6ACB341-389A-4EFB-BBCE-DE244DD99C69}.Debug|Win32.ActiveCfg = Debug|Win32
		{E6ACB341-389A-4EFB-BBCE-DE244DD99C69}.Debug|Win32.Build.0 = Debug|Win32
		{E6ACB341-389A-4EFB-BBCE-DE244DD99C69}.Debug|x64.ActiveCfg = Debug|x64
		{E6ACB341-389A-4EFB-BBCE-DE244DD99C69}.Debug|x64.Build.0 = Debug|x64
		{E6ACB341-389A-4EFB-BBCE-DE244DD99C69}.Debug|x86.ActiveCfg = Debug|Win32
		{E6ACB341-389A-4EFB-BBCE-DE244DD99C69}.Debug|x86.Build.0 = Debug|Win32
		{E6ACB341-389A-4EFB-BBCE-DE244DD99C69}.MinSizeRel|Win32.ActiveCfg = Release|Win32
		{E6ACB341-389A-4EFB-BBCE-DE244DD99C69}.MinSizeRel|Win32.Build.0 = Release|Win32
		{E6ACB341-389A-4EFB-BBCE-DE244DD99C69}.MinSizeRel|x64.ActiveCfg = Release|x64
		{E6ACB341-389A-4EFB-BBCE-DE244DD99C69}.MinSizeRel|x64.Build.0 = Release|x64
		{E6ACB341-389A-4EFB-BBCE-DE244DD99C69}.MinSizeRel|x86.ActiveCfg = Release|Win32
		{E6ACB341-389A-4EFB-BBCE-DE244DD99C69}.MinSizeRel|x86.Build.0 = Release|Win32
		{E6ACB341-389A-4EFB-BBCE-DE244DD99C69}.Release|Win32.ActiveCfg = Release|Win32
		{E6ACB341-389A-4EFB-BBCE-DE244DD99C69}.Release|Win32.Build.0 = Release|Win32
		{E6ACB341-389A-4EFB-BBCE-DE244DD99C69}.Release|x64.ActiveCfg = Release|x64
		{E6ACB341-389A-4EFB-BBCE-DE244DD99C69}.Release|x64.Build.0 = Release|x64
		{E6ACB341-389A-4EFB-BBCE-DE244DD99C69}.Release|x86.ActiveCfg = Release|Win32
		{E6ACB341-389A-4EFB-BBCE-DE244DD99C69}.Release|x86.Build.0 = Release|Win32
		{E6ACB341-389A-4EFB-BBCE-DE244DD99C69}.RelWithDebInfo|Win32.ActiveCfg = Release|Win32
		{E6ACB341-389A-4EFB-BBCE-DE244DD99C69}.RelWithDebInfo|Win32.Build.0 = Release|Win32
		{E6ACB341-389A-4EFB-BBCE-DE244DD99C69}.RelWithDebInfo|x64.ActiveCfg = Release|x64
		{E6ACB341-389A-4EFB-BBCE-DE244DD99C69}.RelWithDebInfo|x64.Build.0 = Release|x64
		{E6ACB341-389A-4EFB-BBCE-DE244DD99C69}.RelWithDebInfo|x86.ActiveCfg = Release|Win32
		{E6ACB341-389A-4EFB-BBCE-DE244DD99C69}.RelWithDebInfo|x86.Build.0 = Release|Win32
		{C5652DAF-55EB-4665-BCED-AE0F138F39DD}.Debug|Win32.ActiveCfg = Debug|Win32
		{C5652DAF-55EB-4665-BCED-AE0F138F39DD}.Debug|Win32.Build.0 = Debug|Win32
		{C5652DAF-55EB-4665-BCED-AE0F138F39DD}.Debug|x64.ActiveCfg = Debug|x64
		{C5652DAF-55EB-4665-BCED-AE0F138F39DD}.Debug|x64.Build.0 = Debug|x64
		{C5652DAF-55EB-4665-BCED-AE0F138F39DD}.Debug|x86.ActiveCfg = Debug|Win32
		{C5652DAF-55EB-4665-BCED-AE0F138F39DD}.Debug|x86.Build.0 = Debug|Win32
		{C5652DAF-55EB-4665-BCED-AE0F138F39DD}.MinSizeRel|Win32.ActiveCfg = Release|Win32
		{C5652DAF-55EB-4665-BCED-AE0F138F39DD}.MinSizeRel|Win32.Build.0 = Release|Win32
		{C5652DAF-55EB-4665-BCED-AE0F138F39DD}.MinSizeRel|x64.ActiveCfg = Release|x64
		{C5652DAF-55EB-4665-BCED-AE0F138F39DD}.MinSizeRel|x64.Build.0 = Release|x64
		{C5652DAF-55EB-4665-BCED-AE0F138F39DD}.MinSizeRel|x86.ActiveCfg = Release|Win32
		{C5652DAF-55EB-4665-BCED-AE0F138F39DD}.MinSizeRel|x86.Build.0 = Release|Win32
		{C5652DAF-55EB-4665-BCED-AE0F138F39DD}.Release|Win32.ActiveCfg = Release|Win32
		{C5652DAF-55EB-4665-BCED-AE0F138F39DD}.Release|Win32.Build.0 = Release|Win32
		{C5652DAF-55EB-4665-BCED-AE0F138F39DD}.Release|x64.ActiveCfg = Release|x64
		{C5652DAF-55EB-4665-BCED-AE0F138F39DD}.Release|x64.Build.0 = Release|x64
		{C5652DAF-55EB-4665-BCED-AE0F138F39DD}.Release|x86.ActiveCfg = Release|Win32
		{C5652DAF-55EB-4665-BCED-AE0F138F39DD}.Release|x86.Build.0 = Release|Win32
		{C5652DAF-55EB-4665-BCED-AE0F138F39DD}.RelWithDebInfo|Win32.ActiveCfg = Release|Win32
		{C5652DAF-55EB-4665-BCED-AE0F138F39DD}.RelWithDebInfo|Win32.Build.0 = Release|Win32
		{C5652DAF-55EB-4665-BCED-AE0F138F39DD}.RelWithDebInfo|x64.ActiveCfg = Release|x64
		{C5652DAF-55EB-4665-BCED-AE0F138F39DD}.RelWithDebInfo|x64.Build.0 = Release|x64
		{C5652DAF-55EB-4665-BCED-AE0F138F39DD}.RelWithDebInfo|x86.ActiveCfg = Release|Win32
		{C5652DAF-55EB-4665-BCED-AE0F138F39DD}.RelWithDebInfo|x86.Build.0 = Release|Win32
		{5DAF1F89-3222-42F5-8463-21E194F4E131}.Debug|Win32.ActiveCfg = Debug|Win32
		{5DAF1F89-3222-42F5-8463-21E194F4E131}.Debug|Win32.Build.0 = Debug|Win32
		{5DAF1F89-3222-42F5-8463-21E194F4E131}.Debug|x64.ActiveCfg = Debug|x64
		{5DAF1F89-3222-42F5-8463-21E194F4E131}.Debug|x64.Build.0 = Debug|x64
		{5DAF1F89-3222-42F5-8463-21E194F4E131}.Debug|x86.ActiveCfg = Debug|Win32
		{5DAF1F89-3222-42F5-8463-21E194F4E131}.Debug|x86.Build.0 = Debug|Win32
		{5DAF1F89-3222-42F5-8463-21E194F4E131}.MinSizeRel|Win32.ActiveCfg = Release|Win32
		{5DAF1F89-3222-42F5-8463-21E194F4E131}.MinSizeRel|Win32.Build.0 = Release|Win32
		{5DAF1F89-3222-42F5-8463-21E194F4E131}.MinSizeRel|x64.ActiveCfg = Release|x64
		{5DAF1F89-3222-42F5-8463-21E194F4E131}.MinSizeRel|x64.Build.0 = Release|x64
		{5DAF1F89-3222-42F5-8463-21E194F4E131}.MinSizeRel|x86.ActiveCfg = Release|Win32
		{5DAF1F89-3222-42F5-8463-21E194F4E131}.MinSizeRel|x86.Build.0 = Release|Win32
		{5DAF1F89-3222-42F5-8463-21E194F4E131}.Release|Win32.ActiveCfg = Release|Win32
		{5DAF1F89-3222-42F5-8463-21E194F4E131}.Release|Win32.Build.0 = Release|Win32
		{5DAF1F89-3222-42F5-8463-21E194F4E131}.Release|x64.ActiveCfg = Release|x64
		{5DAF1F89-3222-42F5-8463-21E194F4E131}.Release|x64.Build.0 = Release|x64
		{5DAF1F89-3222-42F5-8463-21E194F4E131}.Release|x86.ActiveCfg = Release|Win32
		{5DAF1F89-3222-42F5-8463-21E194F4E131}.Release|x86.Build.0 = Release|Win32
		{5DAF1F89-3222-42F5-8463-21E194F4E131}.RelWithDebInfo|Win32.ActiveCfg = Release|Win32
		{5DAF1F89-3222-42F5-8463-21E194F4E131}.RelWithDebInfo|Win32.Build.0 = Release|Win32
		{5DAF1F89-3222-42F5-8463-21E194F4E131}.RelWithDebInfo|x64.ActiveCfg = Release|x64
		{5DAF1F89-3222-42F5-8463-21E194F4E131}.RelWithDebInfo|x64.Build.0 = Release|x64
		{5DAF1F89-3222-42F5-8463-21E194F4E131}.RelWithDebInfo|x86.ActiveCfg = Release|Win32
		{5DAF1F89-3222-42F5-8463-21E194F4E131}.RelWithDebInfo|x86.Build.0 = Release|Win32
		{A09389C6-CD66-47CF-A1B3-765AE8471F4C}.Debug|Win32.ActiveCfg = Debug|Win32
		{A09389C6-CD66-47CF-A1B3-765AE8471F4C}.Debug|Win32.Build.0 = Debug|Win32
		{A09389C6-CD66-47CF-A1B3-765AE8471F4C}.Debug|x64.ActiveCfg = Debug|x64
		{A09389C6-CD66-47CF-A1B3-765AE8471F4C}.Debug|x64.Build.0 = Debug|x64
		{A09389C6-CD66-47CF-A1B3-765AE8471F4C}.Debug|x86.ActiveCfg = Debug|Win32
		{A09389C6-CD66-47CF-A1B3-765AE8471F4C}.Debug|x86.Build.0 = Debug|Win32
		{A09389C6-CD66-47CF-A1B3-765AE8471F4C}.MinSizeRel|Win32.ActiveCfg = Release|Win32
		{A09389C6-CD66-47CF-A1B3-765AE8471F4C}.MinSizeRel|Win32.Build.0 = Release|Win32
		{A09389C6-CD66-47CF-A1B3-765AE8471F4C}.MinSizeRel|x64.ActiveCfg = Release|x64
		{A09389C6-CD66-47CF-A1B3-765AE8471F4C}.MinSizeRel|x64.Build.0 = Release|x64
		{A09389C6-CD66-47CF-A1B3-765AE8471F4C}.MinSizeRel|x86.ActiveCfg = Release|Win32
		{A09389C6-CD66-47CF-A1B3-765AE8471F4C}.MinSizeRel|x86.Build.0 = Release|Win32
		{A09389C6-CD66-47CF-A1B3-765AE8471F4C}.Release|Win32.ActiveCfg = Release|Win32
		{A09389C6-CD66-47CF-A1B3-765AE8471F4C}.Release|Win32.Build.0 = Release|Win32
		{A09389C6-CD66-47CF-A1B3-765AE8471F4C}.Release|x64.ActiveCfg = Release|x64
		{A09389C6-CD66-47CF-A1B3-765AE8471F4C}.Release|x64.Build.0 = Release|x64
		{A09389C6-CD66-47CF-A1B3-765AE8471F4C}.Release|x86.ActiveCfg = Release|Win32
		{A09389C6-CD66-47CF-A1B3-765AE8471F4C}.Release|x86.Build.0 = Release|Win32
		{A09389C6-CD66-47CF-A1B3-765AE8471F4C}.RelWithDebInfo|Win32.ActiveCfg = Release|Win32
		{A09389C6-CD66-47CF-A1B3-765AE8471F4C}.RelWithDebInfo|Win32.Build.0 = Release|Win32
		{A09389C6-CD66-47CF-A1B3-765AE8471F4C}.RelWithDebInfo|x64.ActiveCfg = Release|x64
		{A09389C6-CD66-47CF-A1B3-765AE8471F4C}.RelWithDebInfo|x64.Build.0 = Release|x64
		{A09389C6-CD66-47CF-A1B3-765AE8471F4C}.RelWithDebInfo|x86.ActiveCfg = Release|Win32
		{A09389C6-CD66-47CF-A1B3-765AE8471F4C}.RelWithDebInfo|x86.Build.0 = Release|Win32
		{1AC81013-A933-45A2-B962-3FEA4DB72F45}.Debug|Win32.ActiveCfg = Debug|Win32
		{1AC81013-A933-45A2-B962-3FEA4DB72F45}.Debug|Win32.Build.0 = Debug|Win32
		{1AC81013-A933-45A2-B962-3FEA4DB72F45}.Debug|x64.ActiveCfg = Debug|x64
		{1AC81013-A933-45A2-B962-3FEA4DB72F45}.Debug|x64.Build.0 = Debug|x64
		{1AC81013-A933-45A2-B962-3FEA4DB72F45}.Debug|x86.ActiveCfg = Debug|Win32
		{1AC81013-A933-45A2-B962-3FEA4DB72F45}.Debug|x86.Build.0 = Debug|Win32
		{1AC81013-A933-45A2-B962-3FEA4DB72F45}.MinSizeRel|Win32.ActiveCfg = Release|Win32
		{1AC81013-A933-45A2-B962-3FEA4DB72F45}.MinSizeRel|Win32.Build.0 = Release|Win32
		{1AC81013-A933-45A2-B962-3FEA4DB72F45}.MinSizeRel|x64.ActiveCfg = Release|x64
		{1AC81013-A933-45A2-B962-3FEA4DB72F45}.MinSizeRel|x64.Build.0 = Release|x64
		{1AC81013-A933-45A2-B962-3FEA4DB72F45}.MinSizeRel|x86.ActiveCfg = Release|Win32
		{1AC81013-A933-45A2-B962-3FEA4DB72F45}.MinSizeRel|x86.Build.0 = Release|Win32
		{1AC81013-A933-45A2-B962-3FEA4DB72F45}.Release|Win32.ActiveCfg = Release|Win32
		{1AC81013-A933-45A2-B962-3FEA4DB72F45}.Release|Win32.Build.0 = Release|Win32
		{1AC81013-A933-45A2-B962-3FEA4DB72F45}.Release|x64.ActiveCfg = Release|x64
		{1AC81013-A933-45A2-B962-3FEA4DB72F45}.Release|x64.Build.0 = Release|x64
		{1AC81013-A933-45A2-B962-3FEA4DB72F45}.Release|x86.ActiveCfg = Release|Win32
		{1AC81013-A933-45A2-B962-3FEA4DB72F45}.Release|x86.Build.0 = Release|Win32
		{1AC81013-A933-45A2-B962-3FEA4DB72F45}.RelWithDebInfo|Win32.ActiveCfg = Release|Win32
		{1AC81013-A933-45A2-B962-3FEA4DB72F45}.RelWithDebInfo|Win32.Build.0 = Release|Win32
		{1AC81013-A933-45A2-B962-3FEA4DB72F45}.RelWithDebInfo|x64.ActiveCfg = Release|x64
		{1AC81013-A933-45A2-B962-3FEA4DB72F45}.RelWithDebInfo|x64.Build.0 = Release|x64
		{1AC81013-A933-45A2-B962-3FEA4DB72F45}.RelWithDebInfo|x86.ActiveCfg = Release|Win32
		{1AC81013-A933-45A2-B962-3FEA4DB72F45}.RelWithDebInfo|x86.Build.0 = Release|Win32
		{4468A673-F225-44E4-9DE8-3054FDA7C3DB}.Debug|Win32.ActiveCfg = Debug|Win32
		{4468A673-F225-44E4-9DE8-3054FDA7C3DB}.Debug|Win32.Build.0 = Debug|Win32
		{4468A673-F225-44E4-9DE8-3054FDA7C3DB}.Debug|x64.ActiveCfg = Debug|x64
		{4468A673-F225-44E4-9DE8-3054FDA7C3DB}.Debug|x64.Build.0 = Debug|x64
		{4468A673-F225-44E4-9DE8-3054FDA7C3DB}.Debug|x86.ActiveCfg = Debug|Win32
		{4468A673-F225-44E4-9DE8-3054FDA7C3DB}.Debug|x86.Build.0 = Debug|Win32
		{4468A673-F225-44E4-9DE8-3054FDA7C3DB}.MinSizeRel|Win32.ActiveCfg = Release|Win32
		{4468A673-F225-44E4-9DE8-3054FDA7C3DB}.MinSizeRel|Win32.Build.0 = Release|Win32
		{4468A673-F225-44E4-9DE8-3054FDA7C3DB}.MinSizeRel|x64.ActiveCfg = Release|x64
		{4468A673-F225-44E4-9DE8-3054FDA7C3DB}.MinSizeRel|x64.Build.0 = Release|x64
		{4468A673-F225-44E4-9DE8-3054FDA7C3DB}.MinSizeRel|x86.ActiveCfg = Release|Win32
		{4468A673-F225-44E4-9DE8-3054FDA7C3DB}.MinSizeRel|x86.Build.0 = Release|Win32
		{4468A673-F225-44E4-9DE8-3054FDA7C3DB}.Release|Win32.ActiveCfg = Release|Win32
		{4468A673-F225-44E4-9DE8-3054FDA7C3DB}.Release|Win32.Build.0 = Release|Win32
		{4468A673-F225-44E4-9DE8-3054FDA7C3DB}.Release|x64.ActiveCfg = Release|x64
		{4468A673-F225-44E4-9DE8-3054FDA7C3DB}.Release|x64.Build.0 = Release|x64
		{4468A673-F225-44E4-9DE8-3054FDA7C3DB}.Release|x86.ActiveCfg = Release|Win32
		{4468A673-F225-44E4-9DE8-3054FDA7C3DB}.Release|x86.Build.0 = Release|Win32
		{4468A673-F225-44E4-9DE8-3054FDA7C3DB}.RelWithDebInfo|Win32.ActiveCfg = Release|Win32
		{4468A673-F225-44E4-9DE8-3054FDA7C3DB}.RelWithDebInfo|Win32.Build.0 = Release|Win32
		{4468A673-F225-44E4-9DE8-3054FDA7C3DB}.RelWithDebInfo|x64.ActiveCfg = Release|x64
		{4468A673-F225-44E4-9DE8-3054FDA7C3DB}.RelWithDebInfo|x64.Build.0 = Release|x64
		{4468A673-F225-44E4-9DE8-3054FDA7C3DB}.RelWithDebInfo|x86.ActiveCfg = Release|Win32
		{4468A673-F225-44E4-9DE8-3054FDA7C3DB}.RelWithDebInfo|x86.Build.0 = Release|Win32
		{44DE7322-2533-4DB6-B05F-D9CA34090B1D}.Debug|Win32.ActiveCfg = Debug|Win32
		{44DE7322-2533-4DB6-B05F-D9CA34090B1D}.Debug|Win32.Build.0 = Debug|Win32
		{44DE7322-2533-4DB6-B05F-D9CA34090B1D}.Debug|x64.ActiveCfg = Debug|x64
		{44DE7322-2533-4DB6-B05F-D9CA34090B1D}.Debug|x64.Build.0 = Debug|x64
		{44DE7322-2533-4DB6-B05F-D9CA34090B1D}.Debug|x86.ActiveCfg = Debug|Win32
		{44DE7322-2533-4DB6-B05F-D9CA34090B1D}.Debug|x86.Build.0 = Debug|Win32
		{44DE7322-2533-4DB6-B05F-D9CA34090B1D}.MinSizeRel|Win32.ActiveCfg = Release|Win32
		{44DE7322-2533-4DB6-B05F-D9CA34090B1D}.MinSizeRel|Win32.Build.0 = Release|Win32
		{44DE7322-2533-4DB6-B05F-D9CA34090B1D}.MinSizeRel|x64.ActiveCfg = Release|x64
		{44DE7322-2533-4DB6-B05F-D9CA34090B1D}.MinSizeRel|x64.Build.0 = Release|x64
		{44DE7322-2533-4DB6-B05F-D9CA34090B1D}.MinSizeRel|x86.ActiveCfg = Release|Win32
		{44DE7322-2533-4DB6-B05F-D9CA34090B1D}.MinSizeRel|x86.Build.0 = Release|Win32
		{44DE7322-2533-4DB6-B05F-D9CA34090B1D}.Release|Win32.ActiveCfg = Release|Win32
		{44DE7322-2533-4DB6-B05F-D9CA34090B1D}.Release|Win32.Build.0 = Release|Win32
		{44DE7322-2533-4DB6-B05F-D9CA34090B1D}.Release|x64.ActiveCfg = Release|x64
		{44DE7322-2533-4DB6-B05F-D9CA34090B1D}.Release|x64.Build.0 = Release|x64
		{44DE7322-2533-4DB6-B05F-D9CA34090B1D}.Release|x86.ActiveCfg = Release|Win32
		{44DE7322-2533-4DB6-B05F-D9CA34090B1D}.Release|x86.Build.0 = Release|Win32
		{44DE7322-2533-4DB6-B05F-D9CA34090B1D}.RelWithDebInfo|Win32.ActiveCfg = Release|Win32
		{44DE7322-2533-4DB6-B05F-D9CA34090B1D}.RelWithDebInfo|Win32.Build.0 = Release|Win32
		{44DE7322-2533-4DB6-B05F-D9CA34090B1D}.RelWithDebInfo|x64.ActiveCfg = Release|x64
		{44DE7322-2533-4DB6-B05F-D9CA34090B1D}.RelWithDebInfo|x64.Build.0 = Release|x64
		{44DE7322-2533-4DB6-B05F-D9CA34090B1D}.RelWithDebInfo|x86.ActiveCfg = Release|Win32
		{44DE7322-2533-4DB6-B05F-D9CA34090B1D}.RelWithDebInfo|x86.Build.0 = Release|Win32
		{2726F037-2668-4762-A41F-103BF90B704B}.Debug|Win32.ActiveCfg = Debug|Win32
		{2726F037-2668-4762-A41F-103BF90B704B}.Debug|Win32.Build.0 = Debug|Win32
		{2726F037-2668-4762-A41F-103BF90B704B}.Debug|x64.ActiveCfg = Debug|x64
		{2726F037-2668-4762-A41F-103BF90B704B}.Debug|x64.Build.0 = Debug|x64
		{2726F037-2668-4762-A41F-103BF90B704B}.Debug|x86.ActiveCfg = Debug|Win32
		{2726F037-2668-4762-A41F-103BF90B704B}.Debug|x86.Build.0 = Debug|Win32
		{2726F037-2668-4762-A41F-103BF90B704B}.MinSizeRel|Win32.ActiveCfg = Release|Win32
		{2726F037-2668-4762-A41F-103BF90B704B}.MinSizeRel|Win32.Build.0 = Release|Win32
		{2726F037-2668-4762-A41F-103BF90B704B}.MinSizeRel|x64.ActiveCfg = Release|x64
		{2726F037-2668-4762-A41F-103BF90B704B}.MinSizeRel|x64.Build.0 = Release|x64
		{2726F037-2668-4762-A41F-103BF90B704B}.MinSizeRel|x86.ActiveCfg = Release|Win32
		{2726F037-2668-4762-A41F-103BF90B704B}.MinSizeRel|x86.Build.0 = Release|Win32
		{2726F037-2668-4762-A41F-103BF90B704B}.Release|Win32.ActiveCfg = Release|Win32
		{2726F037-2668-4762-A41F-103BF90B704B}.Release|Win32.Build.0 = Release|Win32
		{2726F037-2668-4762-A41F-103BF90B704B}.Release|x64.ActiveCfg = Release|x64
		{2726F037-2668-4762-A41F-103BF90B704B}.Release|x64.Build.0 = Release|x64
		{2726F037-2668-4762-A41F-103BF90B704B}.Release|x86.ActiveCfg = Release|Win32
		{2726F037-2668-4762-A41F-103BF90B704B}.Release|x86.Build.0 = Release|Win32
		{2726F037-2668-4762-A41F-103BF90B704B}.RelWithDebInfo|Win32.ActiveCfg = Release|Win32
		{2726F037-2668-4762-A41F-103BF90B704B}.RelWithDebInfo|Win32.Build.0 = Release|Win32
		{2726F037-2668-4762-A41F-103BF90B704B}.RelWithDebInfo|x64.ActiveCfg = Release|x64
		{2726F037-2668-4762-A41F-103BF90B704B}.RelWithDebInfo|x64.Build.0 = Release|x64
		{2726F037-2668-4762-A41F-103BF90B704B}.RelWithDebInfo|x86.ActiveCfg = Release|Win32
		{2726F037-2668-4762-A41F-103BF90B704B}.RelWithDebInfo|x86.Build.0 = Release|Win32
		{9F56D7DD-4F0F-476E-B104-13DE02363BBF}.Debug|Win32.ActiveCfg = Debug|Win32
		{9F56D7DD-4F0F-476E-B104-13DE02363BBF}.Debug|Win32.Build.0 = Debug|Win32
		{9F56D7DD-4F0F-476E-B104-13DE02363BBF}.Debug|x64.ActiveCfg = Debug|x64
		{9F56D7DD-4F0F-476E-B104-13DE02363BBF}.Debug|x64.Build.0 = Debug|x64
		{9F56D7DD-4F0F-476E-B104-13DE02363BBF}.Debug|x86.ActiveCfg = Debug|Win32
		{9F56D7DD-4F0F-476E-B104-13DE02363BBF}.Debug|x86.Build.0 = Debug|Win32
		{9F56D7DD-4F0F-476E-B104-13DE02363BBF}.MinSizeRel|Win32.ActiveCfg = Release|Win32
		{9F56D7DD-4F0F-476E-B104-13DE02363BBF}.MinSizeRel|Win32.Build.0 = Release|Win32
		{9F56D7DD-4F0F-476E-B104-13DE02363BBF}.MinSizeRel|x64.ActiveCfg = Release|x64
		{9F56D7DD-4F0F-476E-B104-13DE02363BBF}.MinSizeRel|x64.Build.0 = Release|x64
		{9F56D7DD-4F0F-476E-B104-13DE02363BBF}.MinSizeRel|x86.ActiveCfg = Release|Win32
		{9F56D7DD-4F0F-476E-B104-13DE02363BBF}.MinSizeRel|x86.Build.0 = Release|Win32
		{9F56D7DD-4F0F-476E-B104-13DE02363BBF}.Release|Win32.ActiveCfg = Release|Win32
		{9F56D7DD-4F0F-476E-B104-13DE02363BBF}.Release|Win32.Build.0 = Release|Win32
		{9F56D7DD-4F0F-476E-B104-13DE02363BBF}.Release|x64.ActiveCfg = Release|x64
		{9F56D7DD-4F0F-476E-B104-13DE02363BBF}.Release|x64.Build.0 = Release|x64
		{9F56D7DD-4F0F-476E-B104-13DE02363BBF}.Release|x86.ActiveCfg = Release|Win32
		{9F56D7DD-4F0F-476E-B104-13DE02363BBF}.Release|x86.Build.0 = Release|Win32
		{9F56D7DD-4F0F-476E-B104-13DE02363BBF}.RelWithDebInfo|Win32.ActiveCfg = Release|Win32
		{9F56D7DD-4F0F-476E-B104-13DE02363BBF}.RelWithDebInfo|Win32.Build.0 = Release|Win32
		{9F56D7DD-4F0F-476E-B104-13DE02363BBF}.RelWithDebInfo|x64.ActiveCfg = Release|x64
		{9F56D7DD-4F0F-476E-B104-13DE02363BBF}.RelWithDebInfo|x64.Build.0 = Release|x64
		{9F56D7DD-4F0F-476E-B104-13DE02363BBF}.RelWithDebInfo|x86.ActiveCfg = Release|Win32
		{9F56D7DD-4F0F-476E-B104-13DE02363BBF}.RelWithDebInfo|x86.Build.0 = Release|Win32
		{5E2CA1BA-11FB-4894-9016-70260243800E}.Debug|Win32.ActiveCfg = Debug|Win32
		{5E2CA1BA-11FB-4894-9016-70260243800E}.Debug|Win32.Build.0 = Debug|Win32
		{5E2CA1BA-11FB-4894-9016-70260243800E}.Debug|x64.ActiveCfg = Debug|x64
		{5E2CA1BA-11FB-4894-9016-70260243800E}.Debug|x64.Build.0 = Debug|x64
		{5E2CA1BA-11FB-4894-9016-70260243800E}.Debug|x86.ActiveCfg = Debug|Win32
		{5E2CA1BA-11FB-4894-9016-70260243800E}.Debug|x86.Build.0 = Debug|Win32
		{5E2CA1BA-11FB-4894-9016-70260243800E}.MinSizeRel|Win32.ActiveCfg = Release|Win32
		{5E2CA1BA-11FB-4894-9016-70260243800E}.MinSizeRel|Win32.Build.0 = Release|Win32
		{5E2CA1BA-11FB-4894-9016-70260243800E}.MinSizeRel|x64.ActiveCfg = Release|x64
		{5E2CA1BA-11FB-4894-9016-70260243800E}.MinSizeRel|x64.Build.0 = Release|x64
		{5E2CA1BA-11FB-4894-9016-70260243800E}.MinSizeRel|x86.ActiveCfg = Release|Win32
		{5E2CA1BA-11FB-4894-9016-70260243800E}.MinSizeRel|x86.Build.0 = Release|Win32
		{5E2CA1BA-11FB-4894-9016-70260243800E}.Release|Win32.ActiveCfg = Release|Win32
		{5E2CA1BA-11FB-4894-9016-70260243800E}.Release|Win32.Build.0 = Release|Win32
		{5E2CA1BA-11FB-4894-9016-70260243800E}.Release|x64.ActiveCfg = Release|x64
		{5E2CA1BA-11FB-4894-9016-70260243800E}.Release|x64.Build.0 = Release|x64
		{5E2CA1BA-11FB-4894-9016-70260243800E}.Release|x86.ActiveCfg = Release|Win32
		{5E2CA1BA-11FB-4894-9016-70260243800E}.Release|x86.Build.0 = Release|Win32
		{5E2CA1BA-11FB-4894-9016-70260243800E}.RelWithDebInfo|Win32.ActiveCfg = Release|Win32
		{5E2CA1BA-11FB-4894-9016-70260243800E}.RelWithDebInfo|Win32.Build.0 = Release|Win32
		{5E2CA1BA-11FB-4894-9016-70260243800E}.RelWithDebInfo|x64.ActiveCfg = Release|x64
		{5E2CA1BA-11FB-4894-9016-70260243800E}.RelWithDebInfo|x64.Build.0 = Release|x64
		{5E2CA1BA-11FB-4894-9016-70260243800E}.RelWithDebInfo|x86.ActiveCfg = Release|Win32
		{5E2CA1BA-11FB-4894-9016-70260243800E}.RelWithDebInfo|x86.Build.0 = Release|Win32
		{EF71CBC7-108E-47F3-ADE1-2BFCB2F2125D}.Debug|Win32.ActiveCfg = Debug|Win32
		{EF71CBC7-108E-47F3-ADE1-2BFCB2F2125D}.Debug|Win32.Build.0 = Debug|Win32
		{EF71CBC7-108E-47F3-ADE1-2BFCB2F2125D}.Debug|x64.ActiveCfg = Debug|x64
		{EF71CBC7-108E-47F3-ADE1-2BFCB2F2125D}.Debug|x64.Build.0 = Debug|x64
		{EF71CBC7-108E-47F3-ADE1-2BFCB2F2125D}.Debug|x86.ActiveCfg = Debug|Win32
		{EF71CBC7-108E-47F3-ADE1-2BFCB2F2125D}.Debug|x86.Build.0 = Debug|Win32
		{EF71CBC7-108E-47F3-ADE1-2BFCB2F2125D}.MinSizeRel|Win32.ActiveCfg = Release|Win32
		{EF71CBC7-108E-47F3-ADE1-2BFCB2F2125D}.MinSizeRel|Win32.Build.0 = Release|Win32
		{EF71CBC7-108E-47F3-ADE1-2BFCB2F2125D}.MinSizeRel|x64.ActiveCfg = Release|x64
		{EF71CBC7-108E-47F3-ADE1-2BFCB2F2125D}.MinSizeRel|x64.Build.0 = Release|x64
		{EF71CBC7-108E-47F3-ADE1-2BFCB2F2125D}.MinSizeRel|x86.ActiveCfg = Release|Win32
		{EF71CBC7-108E-47F3-ADE1-2BFCB2F2125D}.MinSizeRel|x86.Build.0 = Release|Win32
		{EF71CBC7-108E-47F3-ADE1-2BFCB2F2125D}.Release|Win32.ActiveCfg = Release|Win32
		{EF71CBC7-108E-47F3-ADE1-2BFCB2F2125D}.Release|Win32.Build.0 = Release|Win32
		{EF71CBC7-108E-47F3-ADE1-2BFCB2F2125D}.Release|x64.ActiveCfg = Release|x64
		{EF71CBC7-108E-47F3-ADE1-2BFCB2F2125D}.Release|x64.Build.0 = Release|x64
		{EF71CBC7-108E-47F3-ADE1-2BFCB2F2125D}.Release|x86.ActiveCfg = Release|Win32
		{EF71CBC7-108E-47F3-ADE1-2BFCB2F2125D}.Release|x86.Build.0 = Release|Win32
		{EF71CBC7-108E-47F3-ADE1-2BFCB2F2125D}.RelWithDebInfo|Win32.ActiveCfg = Release|Win32
		{EF71CBC7-108E-47F3-ADE1-2BFCB2F2125D}.RelWithDebInfo|Win32.Build.0 = Release|Win32
		{EF71CBC7-108E-47F3-ADE1-2BFCB2F2125D}.RelWithDebInfo|x64.ActiveCfg = Release|x64
		{EF71CBC7-108E-47F3-ADE1-2BFCB2F2125D}.RelWithDebInfo|x64.Build.0 = Release|x64
		{EF71CBC7-108E-47F3-ADE1-2BFCB2F2125D}.RelWithDebInfo|x86.ActiveCfg = Release|Win32
		{EF71CBC7-108E-47F3-ADE1-2BFCB2F2125D}.RelWithDebInfo|x86.Build.0 = Release|Win32
		{C08AB7DE-611A-3CF5-851C-3E08067E212B}.Debug|Win32.ActiveCfg = Debug|Win32
		{C08AB7DE-611A-3CF5-851C-3E08067E212B}.Debug|Win32.Build.0 = Debug|Win32
		{C08AB7DE-611A-3CF5-851C-3E08067E212B}.Debug|x64.ActiveCfg = Debug|Win32
		{C08AB7DE-611A-3CF5-851C-3E08067E212B}.Debug|x86.ActiveCfg = Debug|Win32
		{C08AB7DE-611A-3CF5-851C-3E08067E212B}.Debug|x86.Build.0 = Debug|Win32
		{C08AB7DE-611A-3CF5-851C-3E08067E212B}.MinSizeRel|Win32.ActiveCfg = MinSizeRel|Win32
		{C08AB7DE-611A-3CF5-851C-3E08067E212B}.MinSizeRel|Win32.Build.0 = MinSizeRel|Win32
		{C08AB7DE-611A-3CF5-851C-3E08067E212B}.MinSizeRel|x64.ActiveCfg = MinSizeRel|Win32
		{C08AB7DE-611A-3CF5-851C-3E08067E212B}.MinSizeRel|x86.ActiveCfg = MinSizeRel|Win32
		{C08AB7DE-611A-3CF5-851C-3E08067E212B}.MinSizeRel|x86.Build.0 = MinSizeRel|Win32
		{C08AB7DE-611A-3CF5-851C-3E08067E212B}.Release|Win32.ActiveCfg = Release|Win32
		{C08AB7DE-611A-3CF5-851C-3E08067E212B}.Release|Win32.Build.0 = Release|Win32
		{C08AB7DE-611A-3CF5-851C-3E08067E212B}.Release|x64.ActiveCfg = Release|Win32
		{C08AB7DE-611A-3CF5-851C-3E08067E212B}.Release|x86.ActiveCfg = Release|Win32
		{C08AB7DE-611A-3CF5-851C-3E08067E212B}.Release|x86.Build.0 = Release|Win32
		{C08AB7DE-611A-3CF5-851C-3E08067E212B}.RelWithDebInfo|Win32.ActiveCfg = RelWithDebInfo|Win32
		{C08AB7DE-611A-3CF5-851C-3E08067E212B}.RelWithDebInfo|Win32.Build.0 = RelWithDebInfo|Win32
		{C08AB7DE-611A-3CF5-851C-3E08067E212B}.RelWithDebInfo|x64.ActiveCfg = RelWithDebInfo|Win32
		{C08AB7DE-611A-3CF5-851C-3E08067E212B}.RelWithDebInfo|x86.ActiveCfg = RelWithDebInfo|Win32
		{C08AB7DE-611A-3CF5-851C-3E08067E212B}.RelWithDebInfo|x86.Build.0 = RelWithDebInfo|Win32
		{BEC09945-7A45-3695-A27B-664D40DC76E6}.Debug|Win32.ActiveCfg = Debug|Win32
		{BEC09945-7A45-3695-A27B-664D40DC76E6}.Debug|x64.ActiveCfg = Debug|Win32
		{BEC09945-7A45-3695-A27B-664D40DC76E6}.Debug|x86.ActiveCfg = Debug|Win32
		{BEC09945-7A45-3695-A27B-664D40DC76E6}.Debug|x86.Build.0 = Debug|Win32
		{BEC09945-7A45-3695-A27B-664D40DC76E6}.MinSizeRel|Win32.ActiveCfg = MinSizeRel|Win32
		{BEC09945-7A45-3695-A27B-664D40DC76E6}.MinSizeRel|x64.ActiveCfg = MinSizeRel|Win32
		{BEC09945-7A45-3695-A27B-664D40DC76E6}.MinSizeRel|x86.ActiveCfg = MinSizeRel|Win32
		{BEC09945-7A45-3695-A27B-664D40DC76E6}.MinSizeRel|x86.Build.0 = MinSizeRel|Win32
		{BEC09945-7A45-3695-A27B-664D40DC76E6}.Release|Win32.ActiveCfg = Release|Win32
		{BEC09945-7A45-3695-A27B-664D40DC76E6}.Release|x64.ActiveCfg = Release|Win32
		{BEC09945-7A45-3695-A27B-664D40DC76E6}.Release|x86.ActiveCfg = Release|Win32
		{BEC09945-7A45-3695-A27B-664D40DC76E6}.Release|x86.Build.0 = Release|Win32
		{BEC09945-7A45-3695-A27B-664D40DC76E6}.RelWithDebInfo|Win32.ActiveCfg = RelWithDebInfo|Win32
		{BEC09945-7A45-3695-A27B-664D40DC76E6}.RelWithDebInfo|x64.ActiveCfg = RelWithDebInfo|Win32
		{BEC09945-7A45-3695-A27B-664D40DC76E6}.RelWithDebInfo|x86.ActiveCfg = RelWithDebInfo|Win32
		{BEC09945-7A45-3695-A27B-664D40DC76E6}.RelWithDebInfo|x86.Build.0 = RelWithDebInfo|Win32
		{A64E5E16-A47C-365C-AADD-38CA0B7450BE}.Debug|Win32.ActiveCfg = Debug|Win32
		{A64E5E16-A47C-365C-AADD-38CA0B7450BE}.Debug|x64.ActiveCfg = Debug|Win32
		{A64E5E16-A47C-365C-AADD-38CA0B7450BE}.Debug|x86.ActiveCfg = Debug|Win32
		{A64E5E16-A47C-365C-AADD-38CA0B7450BE}.Debug|x86.Build.0 = Debug|Win32
		{A64E5E16-A47C-365C-AADD-38CA0B7450BE}.MinSizeRel|Win32.ActiveCfg = MinSizeRel|Win32
		{A64E5E16-A47C-365C-AADD-38CA0B7450BE}.MinSizeRel|x64.ActiveCfg = MinSizeRel|Win32
		{A64E5E16-A47C-365C-AADD-38CA0B7450BE}.MinSizeRel|x86.ActiveCfg = MinSizeRel|Win32
		{A64E5E16-A47C-365C-AADD-38CA0B7450BE}.MinSizeRel|x86.Build.0 = MinSizeRel|Win32
		{A64E5E16-A47C-365C-AADD-38CA0B7450BE}.Release|Win32.ActiveCfg = Release|Win32
		{A64E5E16-A47C-365C-AADD-38CA0B7450BE}.Release|x64.ActiveCfg = Release|Win32
		{A64E5E16-A47C-365C-AADD-38CA0B7450BE}.Release|x86.ActiveCfg = Release|Win32
		{A64E5E16-A47C-365C-AADD-38CA0B7450BE}.Release|x86.Build.0 = Release|Win32
		{A64E5E16-A47C-365C-AADD-38CA0B7450BE}.RelWithDebInfo|Win32.ActiveCfg = RelWithDebInfo|Win32
		{A64E5E16-A47C-365C-AADD-38CA0B7450BE}.RelWithDebInfo|x64.ActiveCfg = RelWithDebInfo|Win32
		{A64E5E16-A47C-365C-AADD-38CA0B7450BE}.RelWithDebInfo|x86.ActiveCfg = RelWithDebInfo|Win32
		{A64E5E16-A47C-365C-AADD-38CA0B7450BE}.RelWithDebInfo|x86.Build.0 = RelWithDebInfo|Win32
		{9654A989-3B6C-3EBB-AD18-FD8FF8FC873A}.Debug|Win32.ActiveCfg = Debug|Win32
		{9654A989-3B6C-3EBB-AD18-FD8FF8FC873A}.Debug|Win32.Build.0 = Debug|Win32
		{9654A989-3B6C-3EBB-AD18-FD8FF8FC873A}.Debug|x64.ActiveCfg = Debug|Win32
		{9654A989-3B6C-3EBB-AD18-FD8FF8FC873A}.Debug|x86.ActiveCfg = Debug|Win32
		{9654A989-3B6C-3EBB-AD18-FD8FF8FC873A}.Debug|x86.Build.0 = Debug|Win32
		{9654A989-3B6C-3EBB-AD18-FD8FF8FC873A}.MinSizeRel|Win32.ActiveCfg = MinSizeRel|Win32
		{9654A989-3B6C-3EBB-AD18-FD8FF8FC873A}.MinSizeRel|Win32.Build.0 = MinSizeRel|Win32
		{9654A989-3B6C-3EBB-AD18-FD8FF8FC873A}.MinSizeRel|x64.ActiveCfg = MinSizeRel|Win32
		{9654A989-3B6C-3EBB-AD18-FD8FF8FC873A}.MinSizeRel|x86.ActiveCfg = MinSizeRel|Win32
		{9654A989-3B6C-3EBB-AD18-FD8FF8FC873A}.MinSizeRel|x86.Build.0 = MinSizeRel|Win32
		{9654A989-3B6C-3EBB-AD18-FD8FF8FC873A}.Release|Win32.ActiveCfg = Release|Win32
		{9654A989-3B6C-3EBB-AD18-FD8FF8FC873A}.Release|Win32.Build.0 = Release|Win32
		{9654A989-3B6C-3EBB-AD18-FD8FF8FC873A}.Release|x64.ActiveCfg = Release|Win32
		{9654A989-3B6C-3EBB-AD18-FD8FF8FC873A}.Release|x86.ActiveCfg = Release|Win32
		{9654A989-3B6C-3EBB-AD18-FD8FF8FC873A}.Release|x86.Build.0 = Release|Win32
		{9654A989-3B6C-3EBB-AD18-FD8FF8FC873A}.RelWithDebInfo|Win32.ActiveCfg = RelWithDebInfo|Win32
		{9654A989-3B6C-3EBB-AD18-FD8FF8FC873A}.RelWithDebInfo|Win32.Build.0 = RelWithDebInfo|Win32
		{9654A989-3B6C-3EBB-AD18-FD8FF8FC873A}.RelWithDebInfo|x64.ActiveCfg = RelWithDebInfo|Win32
		{9654A989-3B6C-3EBB-AD18-FD8FF8FC873A}.RelWithDebInfo|x86.ActiveCfg = RelWithDebInfo|Win32
		{9654A989-3B6C-3EBB-AD18-FD8FF8FC873A}.RelWithDebInfo|x86.Build.0 = RelWithDebInfo|Win32
		{EEDA74FB-7B0E-37CB-A61A-96B80531861B}.Debug|Win32.ActiveCfg = Debug|Win32
		{EEDA74FB-7B0E-37CB-A61A-96B80531861B}.Debug|Win32.Build.0 = Debug|Win32
		{EEDA74FB-7B0E-37CB-A61A-96B80531861B}.Debug|x64.ActiveCfg = Debug|Win32
		{EEDA74FB-7B0E-37CB-A61A-96B80531861B}.Debug|x86.ActiveCfg = Debug|Win32
		{EEDA74FB-7B0E-37CB-A61A-96B80531861B}.Debug|x86.Build.0 = Debug|Win32
		{EEDA74FB-7B0E-37CB-A61A-96B80531861B}.MinSizeRel|Win32.ActiveCfg = MinSizeRel|Win32
		{EEDA74FB-7B0E-37CB-A61A-96B80531861B}.MinSizeRel|Win32.Build.0 = MinSizeRel|Win32
		{EEDA74FB-7B0E-37CB-A61A-96B80531861B}.MinSizeRel|x64.ActiveCfg = MinSizeRel|Win32
		{EEDA74FB-7B0E-37CB-A61A-96B80531861B}.MinSizeRel|x86.ActiveCfg = MinSizeRel|Win32
		{EEDA74FB-7B0E-37CB-A61A-96B80531861B}.MinSizeRel|x86.Build.0 = MinSizeRel|Win32
		{EEDA74FB-7B0E-37CB-A61A-96B80531861B}.Release|Win32.ActiveCfg = Release|Win32
		{EEDA74FB-7B0E-37CB-A61A-96B80531861B}.Release|Win32.Build.0 = Release|Win32
		{EEDA74FB-7B0E-37CB-A61A-96B80531861B}.Release|x64.ActiveCfg = Release|Win32
		{EEDA74FB-7B0E-37CB-A61A-96B80531861B}.Release|x86.ActiveCfg = Release|Win32
		{EEDA74FB-7B0E-37CB-A61A-96B80531861B}.Release|x86.Build.0 = Release|Win32
		{EEDA74FB-7B0E-37CB-A61A-96B80531861B}.RelWithDebInfo|Win32.ActiveCfg = RelWithDebInfo|Win32
		{EEDA74FB-7B0E-37CB-A61A-96B80531861B}.RelWithDebInfo|Win32.Build.0 = RelWithDebInfo|Win32
		{EEDA74FB-7B0E-37CB-A61A-96B80531861B}.RelWithDebInfo|x64.ActiveCfg = RelWithDebInfo|Win32
		{EEDA74FB-7B0E-37CB-A61A-96B80531861B}.RelWithDebInfo|x86.ActiveCfg = RelWithDebInfo|Win32
		{EEDA74FB-7B0E-37CB-A61A-96B80531861B}.RelWithDebInfo|x86.Build.0 = RelWithDebInfo|Win32
		{CC63A609-4BDF-3F78-894E-814D2C311709}.Debug|Win32.ActiveCfg = Debug|Win32
		{CC63A609-4BDF-3F78-894E-814D2C311709}.Debug|Win32.Build.0 = Debug|Win32
		{CC63A609-4BDF-3F78-894E-814D2C311709}.Debug|x64.ActiveCfg = Debug|Win32
		{CC63A609-4BDF-3F78-894E-814D2C311709}.Debug|x86.ActiveCfg = Debug|Win32
		{CC63A609-4BDF-3F78-894E-814D2C311709}.Debug|x86.Build.0 = Debug|Win32
		{CC63A609-4BDF-3F78-894E-814D2C311709}.MinSizeRel|Win32.ActiveCfg = MinSizeRel|Win32
		{CC63A609-4BDF-3F78-894E-814D2C311709}.MinSizeRel|Win32.Build.0 = MinSizeRel|Win32
		{CC63A609-4BDF-3F78-894E-814D2C311709}.MinSizeRel|x64.ActiveCfg = MinSizeRel|Win32
		{CC63A609-4BDF-3F78-894E-814D2C311709}.MinSizeRel|x86.ActiveCfg = MinSizeRel|Win32
		{CC63A609-4BDF-3F78-894E-814D2C311709}.MinSizeRel|x86.Build.0 = MinSizeRel|Win32
		{CC63A609-4BDF-3F78-894E-814D2C311709}.Release|Win32.ActiveCfg = Release|Win32
		{CC63A609-4BDF-3F78-894E-814D2C311709}.Release|Win32.Build.0 = Release|Win32
		{CC63A609-4BDF-3F78-894E-814D2C311709}.Release|x64.ActiveCfg = Release|Win32
		{CC63A609-4BDF-3F78-894E-814D2C311709}.Release|x86.ActiveCfg = Release|Win32
		{CC63A609-4BDF-3F78-894E-814D2C311709}.Release|x86.Build.0 = Release|Win32
		{CC63A609-4BDF-3F78-894E-814D2C311709}.RelWithDebInfo|Win32.ActiveCfg = RelWithDebInfo|Win32
		{CC63A609-4BDF-3F78-894E-814D2C311709}.RelWithDebInfo|Win32.Build.0 = RelWithDebInfo|Win32
		{CC63A609-4BDF-3F78-894E-814D2C311709}.RelWithDebInfo|x64.ActiveCfg = RelWithDebInfo|Win32
		{CC63A609-4BDF-3F78-894E-814D2C311709}.RelWithDebInfo|x86.ActiveCfg = RelWithDebInfo|Win32
		{CC63A609-4BDF-3F78-894E-814D2C311709}.RelWithDebInfo|x86.Build.0 = RelWithDebInfo|Win32
		{5636F337-5649-3830-A447-AB9179F36D53}.Debug|Win32.ActiveCfg = Debug|Win32
		{5636F337-5649-3830-A447-AB9179F36D53}.Debug|Win32.Build.0 = Debug|Win32
		{5636F337-5649-3830-A447-AB9179F36D53}.Debug|x64.ActiveCfg = Debug|Win32
		{5636F337-5649-3830-A447-AB9179F36D53}.Debug|x86.ActiveCfg = Debug|Win32
		{5636F337-5649-3830-A447-AB9179F36D53}.Debug|x86.Build.0 = Debug|Win32
		{5636F337-5649-3830-A447-AB9179F36D53}.MinSizeRel|Win32.ActiveCfg = MinSizeRel|Win32
		{5636F337-5649-3830-A447-AB9179F36D53}.MinSizeRel|Win32.Build.0 = MinSizeRel|Win32
		{5636F337-5649-3830-A447-AB9179F36D53}.MinSizeRel|x64.ActiveCfg = MinSizeRel|Win32
		{5636F337-5649-3830-A447-AB9179F36D53}.MinSizeRel|x86.ActiveCfg = MinSizeRel|Win32
		{5636F337-5649-3830-A447-AB9179F36D53}.MinSizeRel|x86.Build.0 = MinSizeRel|Win32
		{5636F337-5649-3830-A447-AB9179F36D53}.Release|Win32.ActiveCfg = Release|Win32
		{5636F337-5649-3830-A447-AB9179F36D53}.Release|Win32.Build.0 = Release|Win32
		{5636F337-5649-3830-A447-AB9179F36D53}.Release|x64.ActiveCfg = Release|Win32
		{5636F337-5649-3830-A447-AB9179F36D53}.Release|x86.ActiveCfg = Release|Win32
		{5636F337-5649-3830-A447-AB9179F36D53}.Release|x86.Build.0 = Release|Win32
		{5636F337-5649-3830-A447-AB9179F36D53}.RelWithDebInfo|Win32.ActiveCfg = RelWithDebInfo|Win32
		{5636F337-5649-3830-A447-AB9179F36D53}.RelWithDebInfo|Win32.Build.0 = RelWithDebInfo|Win32
		{5636F337-5649-3830-A447-AB9179F36D53}.RelWithDebInfo|x64.ActiveCfg = RelWithDebInfo|Win32
		{5636F337-5649-3830-A447-AB9179F36D53}.RelWithDebInfo|x86.ActiveCfg = RelWithDebInfo|Win32
		{5636F337-5649-3830-A447-AB9179F36D53}.RelWithDebInfo|x86.Build.0 = RelWithDebInfo|Win32
		{8538D7F4-5E7B-36FE-BE8A-86A634C2601F}.Debug|Win32.ActiveCfg = Debug|Win32
		{8538D7F4-5E7B-36FE-BE8A-86A634C2601F}.Debug|Win32.Build.0 = Debug|Win32
		{8538D7F4-5E7B-36FE-BE8A-86A634C2601F}.Debug|x64.ActiveCfg = Debug|Win32
		{8538D7F4-5E7B-36FE-BE8A-86A634C2601F}.Debug|x86.ActiveCfg = Debug|Win32
		{8538D7F4-5E7B-36FE-BE8A-86A634C2601F}.Debug|x86.Build.0 = Debug|Win32
		{8538D7F4-5E7B-36FE-BE8A-86A634C2601F}.MinSizeRel|Win32.ActiveCfg = MinSizeRel|Win32
		{8538D7F4-5E7B-36FE-BE8A-86A634C2601F}.MinSizeRel|Win32.Build.0 = MinSizeRel|Win32
		{8538D7F4-5E7B-36FE-BE8A-86A634C2601F}.MinSizeRel|x64.ActiveCfg = MinSizeRel|Win32
		{8538D7F4-5E7B-36FE-BE8A-86A634C2601F}.MinSizeRel|x86.ActiveCfg = MinSizeRel|Win32
		{8538D7F4-5E7B-36FE-BE8A-86A634C2601F}.MinSizeRel|x86.Build.0 = MinSizeRel|Win32
		{8538D7F4-5E7B-36FE-BE8A-86A634C2601F}.Release|Win32.ActiveCfg = Release|Win32
		{8538D7F4-5E7B-36FE-BE8A-86A634C2601F}.Release|Win32.Build.0 = Release|Win32
		{8538D7F4-5E7B-36FE-BE8A-86A634C2601F}.Release|x64.ActiveCfg = Release|Win32
		{8538D7F4-5E7B-36FE-BE8A-86A634C2601F}.Release|x86.ActiveCfg = Release|Win32
		{8538D7F4-5E7B-36FE-BE8A-86A634C2601F}.Release|x86.Build.0 = Release|Win32
		{8538D7F4-5E7B-36FE-BE8A-86A634C2601F}.RelWithDebInfo|Win32.ActiveCfg = RelWithDebInfo|Win32
		{8538D7F4-5E7B-36FE-BE8A-86A634C2601F}.RelWithDebInfo|Win32.Build.0 = RelWithDebInfo|Win32
		{8538D7F4-5E7B-36FE-BE8A-86A634C2601F}.RelWithDebInfo|x64.ActiveCfg = RelWithDebInfo|Win32
		{8538D7F4-5E7B-36FE-BE8A-86A634C2601F}.RelWithDebInfo|x86.ActiveCfg = RelWithDebInfo|Win32
		{8538D7F4-5E7B-36FE-BE8A-86A634C2601F}.RelWithDebInfo|x86.Build.0 = RelWithDebInfo|Win32
	EndGlobalSection
	GlobalSection(SolutionProperties) = preSolution
		HideSolutionNode = FALSE
	EndGlobalSection
	GlobalSection(NestedProjects) = preSolution
		{B130269A-F12D-407C-B742-8ED7A47960A3} = {BE2C9DC0-9414-4B46-AAD1-DE53146A734E}
		{C08AB7DE-611A-3CF5-851C-3E08067E212B} = {2E9078A5-7377-43CC-92A2-B43EDC097805}
		{BEC09945-7A45-3695-A27B-664D40DC76E6} = {2E9078A5-7377-43CC-92A2-B43EDC097805}
		{A64E5E16-A47C-365C-AADD-38CA0B7450BE} = {2E9078A5-7377-43CC-92A2-B43EDC097805}
		{9654A989-3B6C-3EBB-AD18-FD8FF8FC873A} = {2E9078A5-7377-43CC-92A2-B43EDC097805}
		{EEDA74FB-7B0E-37CB-A61A-96B80531861B} = {2E9078A5-7377-43CC-92A2-B43EDC097805}
		{CC63A609-4BDF-3F78-894E-814D2C311709} = {2E9078A5-7377-43CC-92A2-B43EDC097805}
		{5636F337-5649-3830-A447-AB9179F36D53} = {2E9078A5-7377-43CC-92A2-B43EDC097805}
		{8538D7F4-5E7B-36FE-BE8A-86A634C2601F} = {2E9078A5-7377-43CC-92A2-B43EDC097805}
	EndGlobalSection
	GlobalSection(ExtensibilityGlobals) = postSolution
		SolutionGuid = {CCBFA32E-4580-3348-82EA-2930431D2344}
	EndGlobalSection
EndGlobal
