<?xml version="1.0" encoding="utf-8"?>
<Project ToolsVersion="4.0" xmlns="http://schemas.microsoft.com/developer/msbuild/2003">
  <ItemGroup>
    <Filter Include="Source Files">
      <UniqueIdentifier>{4FC737F1-C7A5-4376-A066-2A32D752A2FF}</UniqueIdentifier>
      <Extensions>cpp;c;cc;cxx;def;odl;idl;hpj;bat;asm;asmx</Extensions>
    </Filter>
    <Filter Include="Header Files">
      <UniqueIdentifier>{93995380-89BD-4b04-88EB-625FBE52EBFB}</UniqueIdentifier>
      <Extensions>h;hh;hpp;hxx;hm;inl;inc;xsd</Extensions>
    </Filter>
    <Filter Include="Resource Files">
      <UniqueIdentifier>{67DA6AB6-F800-4c08-8B7A-83BB121AAD01}</UniqueIdentifier>
      <Extensions>rc;ico;cur;bmp;dlg;rc2;rct;bin;rgs;gif;jpg;jpeg;jpe;resx;tiff;tif;png;wav;mfcribbon-ms</Extensions>
    </Filter>
    <Filter Include="Source Files\Visitor">
      <UniqueIdentifier>{2d4235b9-f551-47aa-affe-9f8f5ce8a3d6}</UniqueIdentifier>
    </Filter>
    <Filter Include="Source Files\Bridge">
      <UniqueIdentifier>{1ba81896-e0a8-4744-91b8-05dd0cc20b68}</UniqueIdentifier>
    </Filter>
    <Filter Include="Source Files\ChainOfResponsibility">
      <UniqueIdentifier>{ab275b8f-3d0d-477b-b20f-866418f007a4}</UniqueIdentifier>
    </Filter>
    <Filter Include="Source Files\Decorator">
      <UniqueIdentifier>{a9159ec4-f987-4fd6-9e36-9bdca0e7bc5d}</UniqueIdentifier>
    </Filter>
    <Filter Include="Source Files\FlyWeight">
      <UniqueIdentifier>{4b0a2a10-90f9-4558-8609-bbc84e2eb8f9}</UniqueIdentifier>
    </Filter>
    <Filter Include="Source Files\Memento">
      <UniqueIdentifier>{60f83cd2-f59f-4f1a-8a2d-878408a4ed64}</UniqueIdentifier>
    </Filter>
    <Filter Include="Source Files\State">
      <UniqueIdentifier>{527897a8-a38f-477f-827c-11eb8a73f343}</UniqueIdentifier>
    </Filter>
    <Filter Include="Source Files\Strategy">
      <UniqueIdentifier>{e8cc3d3e-2dcc-406e-b1c3-095b075cda27}</UniqueIdentifier>
    </Filter>
    <Filter Include="Source Files\TemplateMethod">
      <UniqueIdentifier>{3145e322-5523-4990-9519-694cad35265c}</UniqueIdentifier>
    </Filter>
    <Filter Include="Source Files\Composite">
      <UniqueIdentifier>{b7401922-f199-4290-a6df-763ca14e3578}</UniqueIdentifier>
    </Filter>
    <Filter Include="Source Files\Iterator">
      <UniqueIdentifier>{94dd04cb-86b2-4843-839a-80b198e16756}</UniqueIdentifier>
    </Filter>
    <Filter Include="Source Files\Command">
      <UniqueIdentifier>{83ec2548-11dd-4c3c-997b-58ba8c25d27b}</UniqueIdentifier>
    </Filter>
    <Filter Include="Source Files\Observer">
      <UniqueIdentifier>{5f95f233-393a-428f-b52f-d29baad11aa2}</UniqueIdentifier>
    </Filter>
    <Filter Include="Source Files\Proxy">
      <UniqueIdentifier>{8c9d2978-1efa-4bdd-b714-1f5e000e0710}</UniqueIdentifier>
    </Filter>
    <Filter Include="Source Files\Mediator">
      <UniqueIdentifier>{737fd498-4ffc-4b27-8fa9-2002064de825}</UniqueIdentifier>
    </Filter>
    <Filter Include="Source Files\Prototype">
      <UniqueIdentifier>{e0ad81c1-577f-4204-a785-c1e7849e5cbd}</UniqueIdentifier>
    </Filter>
    <Filter Include="Source Files\Builder">
      <UniqueIdentifier>{62a58c07-e221-411c-8cb5-e1bd6d66e927}</UniqueIdentifier>
    </Filter>
    <Filter Include="Source Files\AbsFactory">
      <UniqueIdentifier>{743247e9-739b-4095-b3a1-280ec2db4873}</UniqueIdentifier>
    </Filter>
  </ItemGroup>
  <ItemGroup>
    <ClCompile Include="Src\DesignPatternLabMain.cpp">
      <Filter>Source Files</Filter>
    </ClCompile>
    <ClCompile Include="Src\Visitor\Visitor.cpp">
      <Filter>Source Files\Visitor</Filter>
    </ClCompile>
    <ClCompile Include="Src\Bridge\Bridege .cpp">
      <Filter>Source Files\Bridge</Filter>
    </ClCompile>
    <ClCompile Include="Src\ChainOfResponsibility\ChainOfResponsibility.cpp">
      <Filter>Source Files\ChainOfResponsibility</Filter>
    </ClCompile>
    <ClCompile Include="Src\Decorator\Decorator.cpp">
      <Filter>Source Files\Decorator</Filter>
    </ClCompile>
    <ClCompile Include="Src\FlyWeight\FlyWeight.cpp">
      <Filter>Source Files\FlyWeight</Filter>
    </ClCompile>
    <ClCompile Include="Src\Memento\Memento .cpp">
      <Filter>Source Files\Memento</Filter>
    </ClCompile>
    <ClCompile Include="Src\State\State.cpp">
      <Filter>Source Files\State</Filter>
    </ClCompile>
    <ClCompile Include="Src\Strategy\Strategy.cpp">
      <Filter>Source Files\Strategy</Filter>
    </ClCompile>
    <ClCompile Include="Src\TemplateMethod\TemplateMethod.cpp">
      <Filter>Source Files\TemplateMethod</Filter>
    </ClCompile>
    <ClCompile Include="Src\Composite\Composite.cpp">
      <Filter>Source Files\Composite</Filter>
    </ClCompile>
    <ClCompile Include="Src\Iterator\Iterator.cpp">
      <Filter>Source Files\Iterator</Filter>
    </ClCompile>
    <ClCompile Include="Src\Command\Command.cpp">
      <Filter>Source Files\Command</Filter>
    </ClCompile>
    <ClCompile Include="Src\Observer\Observer.cpp">
      <Filter>Source Files\Observer</Filter>
    </ClCompile>
    <ClCompile Include="Src\Proxy\Proxy.cpp">
      <Filter>Source Files\Proxy</Filter>
    </ClCompile>
    <ClCompile Include="Src\Mediator\Mediator.cpp">
      <Filter>Source Files\Mediator</Filter>
    </ClCompile>
    <ClCompile Include="Src\Prototype\Prototype.cpp">
      <Filter>Source Files\Prototype</Filter>
    </ClCompile>
    <ClCompile Include="Src\Builder\Builder.cpp">
      <Filter>Source Files\Builder</Filter>
    </ClCompile>
    <ClCompile Include="Src\AbsFactory\AbsFactory.cpp">
      <Filter>Source Files\AbsFactory</Filter>
    </ClCompile>
  </ItemGroup>
  <ItemGroup>
    <ClInclude Include="Src\Visitor\Visitor.h">
      <Filter>Source Files\Visitor</Filter>
    </ClInclude>
    <ClInclude Include="Src\Bridge\Bridege.h">
      <Filter>Source Files\Bridge</Filter>
    </ClInclude>
    <ClInclude Include="Src\ChainOfResponsibility\ChainOfResponsibility.h">
      <Filter>Source Files\ChainOfResponsibility</Filter>
    </ClInclude>
    <ClInclude Include="Src\Decorator\Decorator.h">
      <Filter>Source Files\Decorator</Filter>
    </ClInclude>
    <ClInclude Include="Src\FlyWeight\FlyWeight.h">
      <Filter>Source Files\FlyWeight</Filter>
    </ClInclude>
    <ClInclude Include="Src\Memento\Memento.h">
      <Filter>Source Files\Memento</Filter>
    </ClInclude>
    <ClInclude Include="Src\State\State.h">
      <Filter>Source Files\State</Filter>
    </ClInclude>
    <ClInclude Include="Src\Strategy\Strategy.h">
      <Filter>Source Files\Strategy</Filter>
    </ClInclude>
    <ClInclude Include="Src\TemplateMethod\TemplateMethod.h">
      <Filter>Source Files\TemplateMethod</Filter>
    </ClInclude>
    <ClInclude Include="Src\Composite\Composite.h">
      <Filter>Source Files\Composite</Filter>
    </ClInclude>
    <ClInclude Include="Src\Iterator\Iterator.h">
      <Filter>Source Files\Iterator</Filter>
    </ClInclude>
    <ClInclude Include="Src\Command\Command.h">
      <Filter>Source Files\Command</Filter>
    </ClInclude>
    <ClInclude Include="Src\Observer\Observer.h">
      <Filter>Source Files\Observer</Filter>
    </ClInclude>
    <ClInclude Include="Src\Proxy\Proxy.h">
      <Filter>Source Files\Proxy</Filter>
    </ClInclude>
    <ClInclude Include="Src\Mediator\Mediator.h">
      <Filter>Source Files\Mediator</Filter>
    </ClInclude>
    <ClInclude Include="Src\Prototype\Prototype.h">
      <Filter>Source Files\Prototype</Filter>
    </ClInclude>
    <ClInclude Include="Src\Builder\Builder.h">
      <Filter>Source Files\Builder</Filter>
    </ClInclude>
    <ClInclude Include="Src\AbsFactory\AbsFactory.h">
      <Filter>Source Files\AbsFactory</Filter>
    </ClInclude>
  </ItemGroup>
</Project>